// !$*UTF8*$!
{
	archiveVersion = 1;
	classes = {
	};
	objectVersion = 48;
	objects = {

/* Begin PBXBuildFile section */
		6688C193D3759A78DF7DB795 /* Pods_machinesense.framework in Frameworks */ = {isa = PBXBuildFile; fileRef = 0C0523F3CBD969AA9A597C76 /* Pods_machinesense.framework */; };
		B914326B1FF161AC00B81275 /* CameraController.swift in Sources */ = {isa = PBXBuildFile; fileRef = B914326A1FF161AC00B81275 /* CameraController.swift */; };
		B92519291FEFC23000928241 /* HomeViewController.swift in Sources */ = {isa = PBXBuildFile; fileRef = B92519281FEFC23000928241 /* HomeViewController.swift */; };
		B925192B1FEFC27200928241 /* HomeCell.swift in Sources */ = {isa = PBXBuildFile; fileRef = B925192A1FEFC27200928241 /* HomeCell.swift */; };
		B93E474F1FF204A800A6C44B /* RealTimeRecogViewController.swift in Sources */ = {isa = PBXBuildFile; fileRef = B93E474E1FF204A800A6C44B /* RealTimeRecogViewController.swift */; };
		B987E9741FECE9430047D3A4 /* GoogleService-Info.plist in Resources */ = {isa = PBXBuildFile; fileRef = B987E9731FECE9430047D3A4 /* GoogleService-Info.plist */; };
		B99488251FF1444B00FACF64 /* MobileNet.mlmodel in Sources */ = {isa = PBXBuildFile; fileRef = B99488241FF1444B00FACF64 /* MobileNet.mlmodel */; };
		B99542891FF4ADAE00B0358D /* ObjectDetectionViewController.swift in Sources */ = {isa = PBXBuildFile; fileRef = B99542881FF4ADAE00B0358D /* ObjectDetectionViewController.swift */; };
		B995428B1FF4D02000B0358D /* ObjectTrackingViewController.swift in Sources */ = {isa = PBXBuildFile; fileRef = B995428A1FF4D02000B0358D /* ObjectTrackingViewController.swift */; };
		B99618291FECCEF100BFC7C6 /* AppDelegate.swift in Sources */ = {isa = PBXBuildFile; fileRef = B99618281FECCEF100BFC7C6 /* AppDelegate.swift */; };
		B996182B1FECCEF100BFC7C6 /* SplashViewController.swift in Sources */ = {isa = PBXBuildFile; fileRef = B996182A1FECCEF100BFC7C6 /* SplashViewController.swift */; };
		B996182E1FECCEF100BFC7C6 /* Main.storyboard in Resources */ = {isa = PBXBuildFile; fileRef = B996182C1FECCEF100BFC7C6 /* Main.storyboard */; };
		B99618301FECCEF100BFC7C6 /* Assets.xcassets in Resources */ = {isa = PBXBuildFile; fileRef = B996182F1FECCEF100BFC7C6 /* Assets.xcassets */; };
		B99618331FECCEF100BFC7C6 /* LaunchScreen.storyboard in Resources */ = {isa = PBXBuildFile; fileRef = B99618311FECCEF100BFC7C6 /* LaunchScreen.storyboard */; };
		B99CE9CB1FF39C8800E080F9 /* SelectPhotoViewController.swift in Sources */ = {isa = PBXBuildFile; fileRef = B99CE9CA1FF39C8800E080F9 /* SelectPhotoViewController.swift */; };
		B99CE9D11FF39D6C00E080F9 /* Gotham-ThinIta.otf in Resources */ = {isa = PBXBuildFile; fileRef = B99CE9CC1FF39D6A00E080F9 /* Gotham-ThinIta.otf */; };
		B99CE9D21FF39D6C00E080F9 /* Gotham-Light.otf in Resources */ = {isa = PBXBuildFile; fileRef = B99CE9CD1FF39D6A00E080F9 /* Gotham-Light.otf */; };
		B99CE9D31FF39D6C00E080F9 /* Gotham-Medium.otf in Resources */ = {isa = PBXBuildFile; fileRef = B99CE9CE1FF39D6B00E080F9 /* Gotham-Medium.otf */; };
		B99CE9D41FF39D6C00E080F9 /* Gotham-Bold.otf in Resources */ = {isa = PBXBuildFile; fileRef = B99CE9CF1FF39D6B00E080F9 /* Gotham-Bold.otf */; };
		B99CE9D51FF39D6C00E080F9 /* Gotham-MediumIta.otf in Resources */ = {isa = PBXBuildFile; fileRef = B99CE9D01FF39D6B00E080F9 /* Gotham-MediumIta.otf */; };
		B9C842091FF0E5250031E99D /* Global.swift in Sources */ = {isa = PBXBuildFile; fileRef = B9C842081FF0E5250031E99D /* Global.swift */; };
		B9C8420B1FF0F05B0031E99D /* Persistent.realm in Resources */ = {isa = PBXBuildFile; fileRef = B9C8420A1FF0EA280031E99D /* Persistent.realm */; };
		B9C8420D1FF0F97A0031E99D /* HomeCategory.swift in Sources */ = {isa = PBXBuildFile; fileRef = B9C8420C1FF0F97A0031E99D /* HomeCategory.swift */; };
		B9C8420F1FF0F9B30031E99D /* Enum.swift in Sources */ = {isa = PBXBuildFile; fileRef = B9C8420E1FF0F9B30031E99D /* Enum.swift */; };
		B9C842111FF0FD8C0031E99D /* TakePhotoViewController.swift in Sources */ = {isa = PBXBuildFile; fileRef = B9C842101FF0FD8C0031E99D /* TakePhotoViewController.swift */; };
		B9D9BE261FF11B030030E291 /* HistoryViewController.swift in Sources */ = {isa = PBXBuildFile; fileRef = B9D9BE251FF11B030030E291 /* HistoryViewController.swift */; };
		B9D9BE281FF11B0F0030E291 /* UserViewController.swift in Sources */ = {isa = PBXBuildFile; fileRef = B9D9BE271FF11B0F0030E291 /* UserViewController.swift */; };
		B9DD013B1FECEAC6006E4B34 /* User.swift in Sources */ = {isa = PBXBuildFile; fileRef = B9DD013A1FECEAC6006E4B34 /* User.swift */; };
		B9DD013D1FECF1CC006E4B34 /* CustomProtocol.swift in Sources */ = {isa = PBXBuildFile; fileRef = B9DD013C1FECF1CC006E4B34 /* CustomProtocol.swift */; };
		B9DD013F1FECF259006E4B34 /* Extension.swift in Sources */ = {isa = PBXBuildFile; fileRef = B9DD013E1FECF259006E4B34 /* Extension.swift */; };
		B9F228D81FF25C3A00EA9394 /* CapturedImageViewController.swift in Sources */ = {isa = PBXBuildFile; fileRef = B9F228D71FF25C3A00EA9394 /* CapturedImageViewController.swift */; };
/* End PBXBuildFile section */

/* Begin PBXFileReference section */
		0C0523F3CBD969AA9A597C76 /* Pods_machinesense.framework */ = {isa = PBXFileReference; explicitFileType = wrapper.framework; includeInIndex = 0; path = Pods_machinesense.framework; sourceTree = BUILT_PRODUCTS_DIR; };
		40114451E6408299637D4B82 /* Pods-machinesense.release.xcconfig */ = {isa = PBXFileReference; includeInIndex = 1; lastKnownFileType = text.xcconfig; name = "Pods-machinesense.release.xcconfig"; path = "Pods/Target Support Files/Pods-machinesense/Pods-machinesense.release.xcconfig"; sourceTree = "<group>"; };
		8BAB6287DD4EC420DD705014 /* Pods-machinesense.debug.xcconfig */ = {isa = PBXFileReference; includeInIndex = 1; lastKnownFileType = text.xcconfig; name = "Pods-machinesense.debug.xcconfig"; path = "Pods/Target Support Files/Pods-machinesense/Pods-machinesense.debug.xcconfig"; sourceTree = "<group>"; };
		B914326A1FF161AC00B81275 /* CameraController.swift */ = {isa = PBXFileReference; lastKnownFileType = sourcecode.swift; path = CameraController.swift; sourceTree = "<group>"; };
		B92519281FEFC23000928241 /* HomeViewController.swift */ = {isa = PBXFileReference; lastKnownFileType = sourcecode.swift; path = HomeViewController.swift; sourceTree = "<group>"; };
		B925192A1FEFC27200928241 /* HomeCell.swift */ = {isa = PBXFileReference; lastKnownFileType = sourcecode.swift; path = HomeCell.swift; sourceTree = "<group>"; };
		B93E474E1FF204A800A6C44B /* RealTimeRecogViewController.swift */ = {isa = PBXFileReference; lastKnownFileType = sourcecode.swift; path = RealTimeRecogViewController.swift; sourceTree = "<group>"; };
		B987E9731FECE9430047D3A4 /* GoogleService-Info.plist */ = {isa = PBXFileReference; fileEncoding = 4; lastKnownFileType = text.plist.xml; path = "GoogleService-Info.plist"; sourceTree = "<group>"; };
		B99488241FF1444B00FACF64 /* MobileNet.mlmodel */ = {isa = PBXFileReference; lastKnownFileType = file.mlmodel; path = MobileNet.mlmodel; sourceTree = "<group>"; };
		B99542881FF4ADAE00B0358D /* ObjectDetectionViewController.swift */ = {isa = PBXFileReference; lastKnownFileType = sourcecode.swift; path = ObjectDetectionViewController.swift; sourceTree = "<group>"; };
		B995428A1FF4D02000B0358D /* ObjectTrackingViewController.swift */ = {isa = PBXFileReference; lastKnownFileType = sourcecode.swift; path = ObjectTrackingViewController.swift; sourceTree = "<group>"; };
		B99618251FECCEF100BFC7C6 /* machinesense.app */ = {isa = PBXFileReference; explicitFileType = wrapper.application; includeInIndex = 0; path = machinesense.app; sourceTree = BUILT_PRODUCTS_DIR; };
		B99618281FECCEF100BFC7C6 /* AppDelegate.swift */ = {isa = PBXFileReference; lastKnownFileType = sourcecode.swift; path = AppDelegate.swift; sourceTree = "<group>"; };
		B996182A1FECCEF100BFC7C6 /* SplashViewController.swift */ = {isa = PBXFileReference; lastKnownFileType = sourcecode.swift; path = SplashViewController.swift; sourceTree = "<group>"; };
		B996182D1FECCEF100BFC7C6 /* Base */ = {isa = PBXFileReference; lastKnownFileType = file.storyboard; name = Base; path = Base.lproj/Main.storyboard; sourceTree = "<group>"; };
		B996182F1FECCEF100BFC7C6 /* Assets.xcassets */ = {isa = PBXFileReference; lastKnownFileType = folder.assetcatalog; path = Assets.xcassets; sourceTree = "<group>"; };
		B99618321FECCEF100BFC7C6 /* Base */ = {isa = PBXFileReference; lastKnownFileType = file.storyboard; name = Base; path = Base.lproj/LaunchScreen.storyboard; sourceTree = "<group>"; };
		B99618341FECCEF200BFC7C6 /* Info.plist */ = {isa = PBXFileReference; lastKnownFileType = text.plist.xml; path = Info.plist; sourceTree = "<group>"; };
		B99CE9CA1FF39C8800E080F9 /* SelectPhotoViewController.swift */ = {isa = PBXFileReference; lastKnownFileType = sourcecode.swift; path = SelectPhotoViewController.swift; sourceTree = "<group>"; };
		B99CE9CC1FF39D6A00E080F9 /* Gotham-ThinIta.otf */ = {isa = PBXFileReference; lastKnownFileType = file; path = "Gotham-ThinIta.otf"; sourceTree = "<group>"; };
		B99CE9CD1FF39D6A00E080F9 /* Gotham-Light.otf */ = {isa = PBXFileReference; lastKnownFileType = file; path = "Gotham-Light.otf"; sourceTree = "<group>"; };
		B99CE9CE1FF39D6B00E080F9 /* Gotham-Medium.otf */ = {isa = PBXFileReference; lastKnownFileType = file; path = "Gotham-Medium.otf"; sourceTree = "<group>"; };
		B99CE9CF1FF39D6B00E080F9 /* Gotham-Bold.otf */ = {isa = PBXFileReference; lastKnownFileType = file; path = "Gotham-Bold.otf"; sourceTree = "<group>"; };
		B99CE9D01FF39D6B00E080F9 /* Gotham-MediumIta.otf */ = {isa = PBXFileReference; lastKnownFileType = file; path = "Gotham-MediumIta.otf"; sourceTree = "<group>"; };
		B9C842081FF0E5250031E99D /* Global.swift */ = {isa = PBXFileReference; lastKnownFileType = sourcecode.swift; path = Global.swift; sourceTree = "<group>"; };
		B9C8420A1FF0EA280031E99D /* Persistent.realm */ = {isa = PBXFileReference; lastKnownFileType = file; path = Persistent.realm; sourceTree = "<group>"; };
		B9C8420C1FF0F97A0031E99D /* HomeCategory.swift */ = {isa = PBXFileReference; lastKnownFileType = sourcecode.swift; path = HomeCategory.swift; sourceTree = "<group>"; };
		B9C8420E1FF0F9B30031E99D /* Enum.swift */ = {isa = PBXFileReference; lastKnownFileType = sourcecode.swift; path = Enum.swift; sourceTree = "<group>"; };
		B9C842101FF0FD8C0031E99D /* TakePhotoViewController.swift */ = {isa = PBXFileReference; lastKnownFileType = sourcecode.swift; path = TakePhotoViewController.swift; sourceTree = "<group>"; };
		B9D9BE251FF11B030030E291 /* HistoryViewController.swift */ = {isa = PBXFileReference; lastKnownFileType = sourcecode.swift; path = HistoryViewController.swift; sourceTree = "<group>"; };
		B9D9BE271FF11B0F0030E291 /* UserViewController.swift */ = {isa = PBXFileReference; lastKnownFileType = sourcecode.swift; path = UserViewController.swift; sourceTree = "<group>"; };
		B9DD013A1FECEAC6006E4B34 /* User.swift */ = {isa = PBXFileReference; lastKnownFileType = sourcecode.swift; path = User.swift; sourceTree = "<group>"; };
		B9DD013C1FECF1CC006E4B34 /* CustomProtocol.swift */ = {isa = PBXFileReference; lastKnownFileType = sourcecode.swift; path = CustomProtocol.swift; sourceTree = "<group>"; };
		B9DD013E1FECF259006E4B34 /* Extension.swift */ = {isa = PBXFileReference; lastKnownFileType = sourcecode.swift; path = Extension.swift; sourceTree = "<group>"; };
		B9F228D71FF25C3A00EA9394 /* CapturedImageViewController.swift */ = {isa = PBXFileReference; lastKnownFileType = sourcecode.swift; path = CapturedImageViewController.swift; sourceTree = "<group>"; };
/* End PBXFileReference section */

/* Begin PBXFrameworksBuildPhase section */
		B99618221FECCEF100BFC7C6 /* Frameworks */ = {
			isa = PBXFrameworksBuildPhase;
			buildActionMask = 2147483647;
			files = (
				6688C193D3759A78DF7DB795 /* Pods_machinesense.framework in Frameworks */,
			);
			runOnlyForDeploymentPostprocessing = 0;
		};
/* End PBXFrameworksBuildPhase section */

/* Begin PBXGroup section */
		25392E92E7CA917B1A7D4AA2 /* Pods */ = {
			isa = PBXGroup;
			children = (
				8BAB6287DD4EC420DD705014 /* Pods-machinesense.debug.xcconfig */,
				40114451E6408299637D4B82 /* Pods-machinesense.release.xcconfig */,
			);
			name = Pods;
			sourceTree = "<group>";
		};
		5681EDF4247F6CC1D3990FD5 /* Frameworks */ = {
			isa = PBXGroup;
			children = (
				0C0523F3CBD969AA9A597C76 /* Pods_machinesense.framework */,
			);
			name = Frameworks;
			sourceTree = "<group>";
		};
		B996181C1FECCEF100BFC7C6 = {
			isa = PBXGroup;
			children = (
				B99618271FECCEF100BFC7C6 /* machinesense */,
				B99CE9D61FF39D8E00E080F9 /* Gotham-Font */,
				B99618261FECCEF100BFC7C6 /* Products */,
				25392E92E7CA917B1A7D4AA2 /* Pods */,
				5681EDF4247F6CC1D3990FD5 /* Frameworks */,
			);
			sourceTree = "<group>";
		};
		B99618261FECCEF100BFC7C6 /* Products */ = {
			isa = PBXGroup;
			children = (
				B99618251FECCEF100BFC7C6 /* machinesense.app */,
			);
			name = Products;
			sourceTree = "<group>";
		};
		B99618271FECCEF100BFC7C6 /* machinesense */ = {
			isa = PBXGroup;
			children = (
				B996182C1FECCEF100BFC7C6 /* Main.storyboard */,
				B9DD013A1FECEAC6006E4B34 /* User.swift */,
				B9C8420C1FF0F97A0031E99D /* HomeCategory.swift */,
				B914326A1FF161AC00B81275 /* CameraController.swift */,
				B9D9BE251FF11B030030E291 /* HistoryViewController.swift */,
				B9D9BE271FF11B0F0030E291 /* UserViewController.swift */,
				B99542881FF4ADAE00B0358D /* ObjectDetectionViewController.swift */,
				B995428A1FF4D02000B0358D /* ObjectTrackingViewController.swift */,
				B9F228D71FF25C3A00EA9394 /* CapturedImageViewController.swift */,
				B99CE9CA1FF39C8800E080F9 /* SelectPhotoViewController.swift */,
				B9C842101FF0FD8C0031E99D /* TakePhotoViewController.swift */,
				B92519281FEFC23000928241 /* HomeViewController.swift */,
				B925192A1FEFC27200928241 /* HomeCell.swift */,
				B996182A1FECCEF100BFC7C6 /* SplashViewController.swift */,
				B9DD013E1FECF259006E4B34 /* Extension.swift */,
				B9C842081FF0E5250031E99D /* Global.swift */,
				B9C8420E1FF0F9B30031E99D /* Enum.swift */,
				B9DD013C1FECF1CC006E4B34 /* CustomProtocol.swift */,
				B93E474E1FF204A800A6C44B /* RealTimeRecogViewController.swift */,
				B99618281FECCEF100BFC7C6 /* AppDelegate.swift */,
				B996182F1FECCEF100BFC7C6 /* Assets.xcassets */,
				B99618311FECCEF100BFC7C6 /* LaunchScreen.storyboard */,
				B99618341FECCEF200BFC7C6 /* Info.plist */,
				B987E9731FECE9430047D3A4 /* GoogleService-Info.plist */,
				B9C8420A1FF0EA280031E99D /* Persistent.realm */,
				B99488241FF1444B00FACF64 /* MobileNet.mlmodel */,
			);
			path = machinesense;
			sourceTree = "<group>";
		};
		B99CE9D61FF39D8E00E080F9 /* Gotham-Font */ = {
			isa = PBXGroup;
			children = (
				B99CE9CF1FF39D6B00E080F9 /* Gotham-Bold.otf */,
				B99CE9CD1FF39D6A00E080F9 /* Gotham-Light.otf */,
				B99CE9CE1FF39D6B00E080F9 /* Gotham-Medium.otf */,
				B99CE9D01FF39D6B00E080F9 /* Gotham-MediumIta.otf */,
				B99CE9CC1FF39D6A00E080F9 /* Gotham-ThinIta.otf */,
			);
			name = "Gotham-Font";
			sourceTree = "<group>";
		};
/* End PBXGroup section */

/* Begin PBXNativeTarget section */
		B99618241FECCEF100BFC7C6 /* machinesense */ = {
			isa = PBXNativeTarget;
			buildConfigurationList = B99618371FECCEF200BFC7C6 /* Build configuration list for PBXNativeTarget "machinesense" */;
			buildPhases = (
				7BBC88EF4F44795E6C3E969A /* [CP] Check Pods Manifest.lock */,
				B99618211FECCEF100BFC7C6 /* Sources */,
				B99618221FECCEF100BFC7C6 /* Frameworks */,
				B99618231FECCEF100BFC7C6 /* Resources */,
				69FA92FB17DE423551B55D16 /* [CP] Embed Pods Frameworks */,
				D79BFF19AD22A8BFAF87CD01 /* [CP] Copy Pods Resources */,
			);
			buildRules = (
			);
			dependencies = (
			);
			name = machinesense;
			productName = machinesense;
			productReference = B99618251FECCEF100BFC7C6 /* machinesense.app */;
			productType = "com.apple.product-type.application";
		};
/* End PBXNativeTarget section */

/* Begin PBXProject section */
		B996181D1FECCEF100BFC7C6 /* Project object */ = {
			isa = PBXProject;
			attributes = {
				LastSwiftUpdateCheck = 0920;
				LastUpgradeCheck = 0920;
				ORGANIZATIONNAME = "Richard Adiguna";
				TargetAttributes = {
					B99618241FECCEF100BFC7C6 = {
						CreatedOnToolsVersion = 9.2;
						ProvisioningStyle = Automatic;
					};
				};
			};
			buildConfigurationList = B99618201FECCEF100BFC7C6 /* Build configuration list for PBXProject "machinesense" */;
			compatibilityVersion = "Xcode 8.0";
			developmentRegion = en;
			hasScannedForEncodings = 0;
			knownRegions = (
				en,
				Base,
			);
			mainGroup = B996181C1FECCEF100BFC7C6;
			productRefGroup = B99618261FECCEF100BFC7C6 /* Products */;
			projectDirPath = "";
			projectRoot = "";
			targets = (
				B99618241FECCEF100BFC7C6 /* machinesense */,
			);
		};
/* End PBXProject section */

/* Begin PBXResourcesBuildPhase section */
		B99618231FECCEF100BFC7C6 /* Resources */ = {
			isa = PBXResourcesBuildPhase;
			buildActionMask = 2147483647;
			files = (
				B99CE9D11FF39D6C00E080F9 /* Gotham-ThinIta.otf in Resources */,
				B99CE9D21FF39D6C00E080F9 /* Gotham-Light.otf in Resources */,
				B99CE9D31FF39D6C00E080F9 /* Gotham-Medium.otf in Resources */,
				B99CE9D41FF39D6C00E080F9 /* Gotham-Bold.otf in Resources */,
				B99CE9D51FF39D6C00E080F9 /* Gotham-MediumIta.otf in Resources */,
				B9C8420B1FF0F05B0031E99D /* Persistent.realm in Resources */,
				B99618331FECCEF100BFC7C6 /* LaunchScreen.storyboard in Resources */,
				B987E9741FECE9430047D3A4 /* GoogleService-Info.plist in Resources */,
				B99618301FECCEF100BFC7C6 /* Assets.xcassets in Resources */,
				B996182E1FECCEF100BFC7C6 /* Main.storyboard in Resources */,
			);
			runOnlyForDeploymentPostprocessing = 0;
		};
/* End PBXResourcesBuildPhase section */

/* Begin PBXShellScriptBuildPhase section */
		69FA92FB17DE423551B55D16 /* [CP] Embed Pods Frameworks */ = {
			isa = PBXShellScriptBuildPhase;
			buildActionMask = 2147483647;
			files = (
			);
			inputPaths = (
				"${SRCROOT}/Pods/Target Support Files/Pods-machinesense/Pods-machinesense-frameworks.sh",
				"${BUILT_PRODUCTS_DIR}/GTMSessionFetcher/GTMSessionFetcher.framework",
				"${BUILT_PRODUCTS_DIR}/GoogleToolboxForMac/GoogleToolboxForMac.framework",
				"${BUILT_PRODUCTS_DIR}/Realm/Realm.framework",
				"${BUILT_PRODUCTS_DIR}/RealmSwift/RealmSwift.framework",
				"${BUILT_PRODUCTS_DIR}/SVProgressHUD/SVProgressHUD.framework",
				"${BUILT_PRODUCTS_DIR}/leveldb-library/leveldb.framework",
				"${BUILT_PRODUCTS_DIR}/nanopb/nanopb.framework",
			);
			name = "[CP] Embed Pods Frameworks";
			outputPaths = (
				"${TARGET_BUILD_DIR}/${FRAMEWORKS_FOLDER_PATH}/GTMSessionFetcher.framework",
				"${TARGET_BUILD_DIR}/${FRAMEWORKS_FOLDER_PATH}/GoogleToolboxForMac.framework",
				"${TARGET_BUILD_DIR}/${FRAMEWORKS_FOLDER_PATH}/Realm.framework",
				"${TARGET_BUILD_DIR}/${FRAMEWORKS_FOLDER_PATH}/RealmSwift.framework",
				"${TARGET_BUILD_DIR}/${FRAMEWORKS_FOLDER_PATH}/SVProgressHUD.framework",
				"${TARGET_BUILD_DIR}/${FRAMEWORKS_FOLDER_PATH}/leveldb.framework",
				"${TARGET_BUILD_DIR}/${FRAMEWORKS_FOLDER_PATH}/nanopb.framework",
			);
			runOnlyForDeploymentPostprocessing = 0;
			shellPath = /bin/sh;
			shellScript = "\"${SRCROOT}/Pods/Target Support Files/Pods-machinesense/Pods-machinesense-frameworks.sh\"\n";
			showEnvVarsInLog = 0;
		};
		7BBC88EF4F44795E6C3E969A /* [CP] Check Pods Manifest.lock */ = {
			isa = PBXShellScriptBuildPhase;
			buildActionMask = 2147483647;
			files = (
			);
			inputPaths = (
				"${PODS_PODFILE_DIR_PATH}/Podfile.lock",
				"${PODS_ROOT}/Manifest.lock",
			);
			name = "[CP] Check Pods Manifest.lock";
			outputPaths = (
				"$(DERIVED_FILE_DIR)/Pods-machinesense-checkManifestLockResult.txt",
			);
			runOnlyForDeploymentPostprocessing = 0;
			shellPath = /bin/sh;
			shellScript = "diff \"${PODS_PODFILE_DIR_PATH}/Podfile.lock\" \"${PODS_ROOT}/Manifest.lock\" > /dev/null\nif [ $? != 0 ] ; then\n    # print error to STDERR\n    echo \"error: The sandbox is not in sync with the Podfile.lock. Run 'pod install' or update your CocoaPods installation.\" >&2\n    exit 1\nfi\n# This output is used by Xcode 'outputs' to avoid re-running this script phase.\necho \"SUCCESS\" > \"${SCRIPT_OUTPUT_FILE_0}\"\n";
			showEnvVarsInLog = 0;
		};
		D79BFF19AD22A8BFAF87CD01 /* [CP] Copy Pods Resources */ = {
			isa = PBXShellScriptBuildPhase;
			buildActionMask = 2147483647;
			files = (
			);
			inputPaths = (
			);
			name = "[CP] Copy Pods Resources";
			outputPaths = (
			);
			runOnlyForDeploymentPostprocessing = 0;
			shellPath = /bin/sh;
			shellScript = "\"${SRCROOT}/Pods/Target Support Files/Pods-machinesense/Pods-machinesense-resources.sh\"\n";
			showEnvVarsInLog = 0;
		};
/* End PBXShellScriptBuildPhase section */

/* Begin PBXSourcesBuildPhase section */
		B99618211FECCEF100BFC7C6 /* Sources */ = {
			isa = PBXSourcesBuildPhase;
			buildActionMask = 2147483647;
			files = (
				B9C842091FF0E5250031E99D /* Global.swift in Sources */,
				B9DD013F1FECF259006E4B34 /* Extension.swift in Sources */,
				B995428B1FF4D02000B0358D /* ObjectTrackingViewController.swift in Sources */,
				B9D9BE281FF11B0F0030E291 /* UserViewController.swift in Sources */,
				B9F228D81FF25C3A00EA9394 /* CapturedImageViewController.swift in Sources */,
				B99542891FF4ADAE00B0358D /* ObjectDetectionViewController.swift in Sources */,
				B925192B1FEFC27200928241 /* HomeCell.swift in Sources */,
				B9D9BE261FF11B030030E291 /* HistoryViewController.swift in Sources */,
				B9DD013D1FECF1CC006E4B34 /* CustomProtocol.swift in Sources */,
				B996182B1FECCEF100BFC7C6 /* SplashViewController.swift in Sources */,
				B9C8420D1FF0F97A0031E99D /* HomeCategory.swift in Sources */,
				B99618291FECCEF100BFC7C6 /* AppDelegate.swift in Sources */,
				B9DD013B1FECEAC6006E4B34 /* User.swift in Sources */,
				B93E474F1FF204A800A6C44B /* RealTimeRecogViewController.swift in Sources */,
				B99488251FF1444B00FACF64 /* MobileNet.mlmodel in Sources */,
				B9C8420F1FF0F9B30031E99D /* Enum.swift in Sources */,
				B9C842111FF0FD8C0031E99D /* TakePhotoViewController.swift in Sources */,
				B914326B1FF161AC00B81275 /* CameraController.swift in Sources */,
				B92519291FEFC23000928241 /* HomeViewController.swift in Sources */,
				B99CE9CB1FF39C8800E080F9 /* SelectPhotoViewController.swift in Sources */,
			);
			runOnlyForDeploymentPostprocessing = 0;
		};
/* End PBXSourcesBuildPhase section */

/* Begin PBXVariantGroup section */
		B996182C1FECCEF100BFC7C6 /* Main.storyboard */ = {
			isa = PBXVariantGroup;
			children = (
				B996182D1FECCEF100BFC7C6 /* Base */,
			);
			name = Main.storyboard;
			sourceTree = "<group>";
		};
		B99618311FECCEF100BFC7C6 /* LaunchScreen.storyboard */ = {
			isa = PBXVariantGroup;
			children = (
				B99618321FECCEF100BFC7C6 /* Base */,
			);
			name = LaunchScreen.storyboard;
			sourceTree = "<group>";
		};
/* End PBXVariantGroup section */

/* Begin XCBuildConfiguration section */
		B99618351FECCEF200BFC7C6 /* Debug */ = {
			isa = XCBuildConfiguration;
			buildSettings = {
				ALWAYS_SEARCH_USER_PATHS = NO;
				CLANG_ANALYZER_NONNULL = YES;
				CLANG_ANALYZER_NUMBER_OBJECT_CONVERSION = YES_AGGRESSIVE;
				CLANG_CXX_LANGUAGE_STANDARD = "gnu++14";
				CLANG_CXX_LIBRARY = "libc++";
				CLANG_ENABLE_MODULES = YES;
				CLANG_ENABLE_OBJC_ARC = YES;
				CLANG_WARN_BLOCK_CAPTURE_AUTORELEASING = YES;
				CLANG_WARN_BOOL_CONVERSION = YES;
				CLANG_WARN_COMMA = YES;
				CLANG_WARN_CONSTANT_CONVERSION = YES;
				CLANG_WARN_DIRECT_OBJC_ISA_USAGE = YES_ERROR;
				CLANG_WARN_DOCUMENTATION_COMMENTS = YES;
				CLANG_WARN_EMPTY_BODY = YES;
				CLANG_WARN_ENUM_CONVERSION = YES;
				CLANG_WARN_INFINITE_RECURSION = YES;
				CLANG_WARN_INT_CONVERSION = YES;
				CLANG_WARN_NON_LITERAL_NULL_CONVERSION = YES;
				CLANG_WARN_OBJC_LITERAL_CONVERSION = YES;
				CLANG_WARN_OBJC_ROOT_CLASS = YES_ERROR;
				CLANG_WARN_RANGE_LOOP_ANALYSIS = YES;
				CLANG_WARN_STRICT_PROTOTYPES = YES;
				CLANG_WARN_SUSPICIOUS_MOVE = YES;
				CLANG_WARN_UNGUARDED_AVAILABILITY = YES_AGGRESSIVE;
				CLANG_WARN_UNREACHABLE_CODE = YES;
				CLANG_WARN__DUPLICATE_METHOD_MATCH = YES;
				CODE_SIGN_IDENTITY = "iPhone Developer";
				COPY_PHASE_STRIP = NO;
				DEBUG_INFORMATION_FORMAT = dwarf;
				ENABLE_STRICT_OBJC_MSGSEND = YES;
				ENABLE_TESTABILITY = YES;
				GCC_C_LANGUAGE_STANDARD = gnu11;
				GCC_DYNAMIC_NO_PIC = NO;
				GCC_NO_COMMON_BLOCKS = YES;
				GCC_OPTIMIZATION_LEVEL = 0;
				GCC_PREPROCESSOR_DEFINITIONS = (
					"DEBUG=1",
					"$(inherited)",
				);
				GCC_WARN_64_TO_32_BIT_CONVERSION = YES;
				GCC_WARN_ABOUT_RETURN_TYPE = YES_ERROR;
				GCC_WARN_UNDECLARED_SELECTOR = YES;
				GCC_WARN_UNINITIALIZED_AUTOS = YES_AGGRESSIVE;
				GCC_WARN_UNUSED_FUNCTION = YES;
				GCC_WARN_UNUSED_VARIABLE = YES;
				IPHONEOS_DEPLOYMENT_TARGET = 11.2;
				MTL_ENABLE_DEBUG_INFO = YES;
				ONLY_ACTIVE_ARCH = YES;
				SDKROOT = iphoneos;
				SWIFT_ACTIVE_COMPILATION_CONDITIONS = DEBUG;
				SWIFT_OPTIMIZATION_LEVEL = "-Onone";
				SWIFT_VERSION = 4.0;
			};
			name = Debug;
		};
		B99618361FECCEF200BFC7C6 /* Release */ = {
			isa = XCBuildConfiguration;
			buildSettings = {
				ALWAYS_SEARCH_USER_PATHS = NO;
				CLANG_ANALYZER_NONNULL = YES;
				CLANG_ANALYZER_NUMBER_OBJECT_CONVERSION = YES_AGGRESSIVE;
				CLANG_CXX_LANGUAGE_STANDARD = "gnu++14";
				CLANG_CXX_LIBRARY = "libc++";
				CLANG_ENABLE_MODULES = YES;
				CLANG_ENABLE_OBJC_ARC = YES;
				CLANG_WARN_BLOCK_CAPTURE_AUTORELEASING = YES;
				CLANG_WARN_BOOL_CONVERSION = YES;
				CLANG_WARN_COMMA = YES;
				CLANG_WARN_CONSTANT_CONVERSION = YES;
				CLANG_WARN_DIRECT_OBJC_ISA_USAGE = YES_ERROR;
				CLANG_WARN_DOCUMENTATION_COMMENTS = YES;
				CLANG_WARN_EMPTY_BODY = YES;
				CLANG_WARN_ENUM_CONVERSION = YES;
				CLANG_WARN_INFINITE_RECURSION = YES;
				CLANG_WARN_INT_CONVERSION = YES;
				CLANG_WARN_NON_LITERAL_NULL_CONVERSION = YES;
				CLANG_WARN_OBJC_LITERAL_CONVERSION = YES;
				CLANG_WARN_OBJC_ROOT_CLASS = YES_ERROR;
				CLANG_WARN_RANGE_LOOP_ANALYSIS = YES;
				CLANG_WARN_STRICT_PROTOTYPES = YES;
				CLANG_WARN_SUSPICIOUS_MOVE = YES;
				CLANG_WARN_UNGUARDED_AVAILABILITY = YES_AGGRESSIVE;
				CLANG_WARN_UNREACHABLE_CODE = YES;
				CLANG_WARN__DUPLICATE_METHOD_MATCH = YES;
				CODE_SIGN_IDENTITY = "iPhone Developer";
				COPY_PHASE_STRIP = NO;
				DEBUG_INFORMATION_FORMAT = "dwarf-with-dsym";
				ENABLE_NS_ASSERTIONS = NO;
				ENABLE_STRICT_OBJC_MSGSEND = YES;
				GCC_C_LANGUAGE_STANDARD = gnu11;
				GCC_NO_COMMON_BLOCKS = YES;
				GCC_WARN_64_TO_32_BIT_CONVERSION = YES;
				GCC_WARN_ABOUT_RETURN_TYPE = YES_ERROR;
				GCC_WARN_UNDECLARED_SELECTOR = YES;
				GCC_WARN_UNINITIALIZED_AUTOS = YES_AGGRESSIVE;
				GCC_WARN_UNUSED_FUNCTION = YES;
				GCC_WARN_UNUSED_VARIABLE = YES;
				IPHONEOS_DEPLOYMENT_TARGET = 11.2;
				MTL_ENABLE_DEBUG_INFO = NO;
				SDKROOT = iphoneos;
				SWIFT_OPTIMIZATION_LEVEL = "-Owholemodule";
				SWIFT_VERSION = 4.0;
				VALIDATE_PRODUCT = YES;
			};
			name = Release;
		};
		B99618381FECCEF200BFC7C6 /* Debug */ = {
			isa = XCBuildConfiguration;
			baseConfigurationReference = 8BAB6287DD4EC420DD705014 /* Pods-machinesense.debug.xcconfig */;
			buildSettings = {
				ASSETCATALOG_COMPILER_APPICON_NAME = AppIcon;
				CODE_SIGN_STYLE = Automatic;
				DEVELOPMENT_TEAM = U24PJ9F5E7;
				INFOPLIST_FILE = machinesense/Info.plist;
				LD_RUNPATH_SEARCH_PATHS = "$(inherited) @executable_path/Frameworks";
				PRODUCT_BUNDLE_IDENTIFIER = com.IS737.machinesense;
				PRODUCT_NAME = "$(TARGET_NAME)";
				SWIFT_VERSION = 4.0;
				TARGETED_DEVICE_FAMILY = "1,2";
			};
			name = Debug;
		};
		B99618391FECCEF200BFC7C6 /* Release */ = {
			isa = XCBuildConfiguration;
			baseConfigurationReference = 40114451E6408299637D4B82 /* Pods-machinesense.release.xcconfig */;
			buildSettings = {
				ASSETCATALOG_COMPILER_APPICON_NAME = AppIcon;
				CODE_SIGN_STYLE = Automatic;
				DEVELOPMENT_TEAM = U24PJ9F5E7;
				INFOPLIST_FILE = machinesense/Info.plist;
				LD_RUNPATH_SEARCH_PATHS = "$(inherited) @executable_path/Frameworks";
				PRODUCT_BUNDLE_IDENTIFIER = com.IS737.machinesense;
				PRODUCT_NAME = "$(TARGET_NAME)";
				SWIFT_VERSION = 4.0;
				TARGETED_DEVICE_FAMILY = "1,2";
			};
			name = Release;
		};
/* End XCBuildConfiguration section */

/* Begin XCConfigurationList section */
		B99618201FECCEF100BFC7C6 /* Build configuration list for PBXProject "machinesense" */ = {
			isa = XCConfigurationList;
			buildConfigurations = (
				B99618351FECCEF200BFC7C6 /* Debug */,
				B99618361FECCEF200BFC7C6 /* Release */,
			);
			defaultConfigurationIsVisible = 0;
			defaultConfigurationName = Release;
		};
		B99618371FECCEF200BFC7C6 /* Build configuration list for PBXNativeTarget "machinesense" */ = {
			isa = XCConfigurationList;
			buildConfigurations = (
				B99618381FECCEF200BFC7C6 /* Debug */,
				B99618391FECCEF200BFC7C6 /* Release */,
			);
			defaultConfigurationIsVisible = 0;
			defaultConfigurationName = Release;
		};
/* End XCConfigurationList section */
	};
	rootObject = B996181D1FECCEF100BFC7C6 /* Project object */;
}
